
Microsoft Visual Studio Solution File, Format Version 12.00
Project("{FAE04EC0-301F-11D3-BF4B-00C04F79EFBC}") = "AvaloniaApplication1", "AvaloniaApplication1\AvaloniaApplication1.csproj", "{6330B7C0-0D00-4CD8-8CA7-C86FAFA77623}"
EndProject
Global
	GlobalSection(SolutionConfigurationPlatforms) = preSolution
		Debug|Any CPU = Debug|Any CPU
		Release|Any CPU = Release|Any CPU
	EndGlobalSection
	GlobalSection(ProjectConfigurationPlatforms) = postSolution
		{6330B7C0-0D00-4CD8-8CA7-C86FAFA77623}.Debug|Any CPU.ActiveCfg = Debug|Any CPU
		{6330B7C0-0D00-4CD8-8CA7-C86FAFA77623}.Debug|Any CPU.Build.0 = Debug|Any CPU
		{6330B7C0-0D00-4CD8-8CA7-C86FAFA77623}.Release|Any CPU.ActiveCfg = Release|Any CPU
		{6330B7C0-0D00-4CD8-8CA7-C86FAFA77623}.Release|Any CPU.Build.0 = Release|Any CPU
	EndGlobalSection
EndGlobal
